
Microsoft Visual Studio Solution File, Format Version 12.00
# Visual Studio Version 17
VisualStudioVersion = 17.0.31903.59
MinimumVisualStudioVersion = 10.0.40219.1
Project("{FAE04EC0-301F-11D3-BF4B-00C04F79EFBC}") = "ReachLog.API", "ReachLog.API\ReachLog.API.csproj", "{6C955061-9FA1-423A-ABD1-9A481DCCBD5A}"
EndProject
Project("{FAE04EC0-301F-11D3-BF4B-00C04F79EFBC}") = "ReachLog.Domain", "ReachLog.Domain\ReachLog.Domain.csproj", "{A0D011CE-F011-4FD0-BFCB-12DF9C38BEC2}"
EndProject
Project("{FAE04EC0-301F-11D3-BF4B-00C04F79EFBC}") = "ReachLog.Application", "ReachLog.Application\ReachLog.Application.csproj", "{A0E7196D-B67F-480D-9565-10CAC98E8020}"
EndProject
Project("{FAE04EC0-301F-11D3-BF4B-00C04F79EFBC}") = "ReachLog.Infrastructure", "ReachLog.Infrastructure\ReachLog.Infrastructure.csproj", "{66374723-F901-4D9D-8233-6B222B89E8D7}"
EndProject
Global
	GlobalSection(SolutionConfigurationPlatforms) = preSolution
		Debug|Any CPU = Debug|Any CPU
		Debug|x64 = Debug|x64
		Debug|x86 = Debug|x86
		Release|Any CPU = Release|Any CPU
		Release|x64 = Release|x64
		Release|x86 = Release|x86
	EndGlobalSection
	GlobalSection(ProjectConfigurationPlatforms) = postSolution
		{6C955061-9FA1-423A-ABD1-9A481DCCBD5A}.Debug|Any CPU.ActiveCfg = Debug|Any CPU
		{6C955061-9FA1-423A-ABD1-9A481DCCBD5A}.Debug|Any CPU.Build.0 = Debug|Any CPU
		{6C955061-9FA1-423A-ABD1-9A481DCCBD5A}.Debug|x64.ActiveCfg = Debug|Any CPU
		{6C955061-9FA1-423A-ABD1-9A481DCCBD5A}.Debug|x64.Build.0 = Debug|Any CPU
		{6C955061-9FA1-423A-ABD1-9A481DCCBD5A}.Debug|x86.ActiveCfg = Debug|Any CPU
		{6C955061-9FA1-423A-ABD1-9A481DCCBD5A}.Debug|x86.Build.0 = Debug|Any CPU
		{6C955061-9FA1-423A-ABD1-9A481DCCBD5A}.Release|Any CPU.ActiveCfg = Release|Any CPU
		{6C955061-9FA1-423A-ABD1-9A481DCCBD5A}.Release|Any CPU.Build.0 = Release|Any CPU
		{6C955061-9FA1-423A-ABD1-9A481DCCBD5A}.Release|x64.ActiveCfg = Release|Any CPU
		{6C955061-9FA1-423A-ABD1-9A481DCCBD5A}.Release|x64.Build.0 = Release|Any CPU
		{6C955061-9FA1-423A-ABD1-9A481DCCBD5A}.Release|x86.ActiveCfg = Release|Any CPU
		{6C955061-9FA1-423A-ABD1-9A481DCCBD5A}.Release|x86.Build.0 = Release|Any CPU
		{A0D011CE-F011-4FD0-BFCB-12DF9C38BEC2}.Debug|Any CPU.ActiveCfg = Debug|Any CPU
		{A0D011CE-F011-4FD0-BFCB-12DF9C38BEC2}.Debug|Any CPU.Build.0 = Debug|Any CPU
		{A0D011CE-F011-4FD0-BFCB-12DF9C38BEC2}.Debug|x64.ActiveCfg = Debug|Any CPU
		{A0D011CE-F011-4FD0-BFCB-12DF9C38BEC2}.Debug|x64.Build.0 = Debug|Any CPU
		{A0D011CE-F011-4FD0-BFCB-12DF9C38BEC2}.Debug|x86.ActiveCfg = Debug|Any CPU
		{A0D011CE-F011-4FD0-BFCB-12DF9C38BEC2}.Debug|x86.Build.0 = Debug|Any CPU
		{A0D011CE-F011-4FD0-BFCB-12DF9C38BEC2}.Release|Any CPU.ActiveCfg = Release|Any CPU
		{A0D011CE-F011-4FD0-BFCB-12DF9C38BEC2}.Release|Any CPU.Build.0 = Release|Any CPU
		{A0D011CE-F011-4FD0-BFCB-12DF9C38BEC2}.Release|x64.ActiveCfg = Release|Any CPU
		{A0D011CE-F011-4FD0-BFCB-12DF9C38BEC2}.Release|x64.Build.0 = Release|Any CPU
		{A0D011CE-F011-4FD0-BFCB-12DF9C38BEC2}.Release|x86.ActiveCfg = Release|Any CPU
		{A0D011CE-F011-4FD0-BFCB-12DF9C38BEC2}.Release|x86.Build.0 = Release|Any CPU
		{A0E7196D-B67F-480D-9565-10CAC98E8020}.Debug|Any CPU.ActiveCfg = Debug|Any CPU
		{A0E7196D-B67F-480D-9565-10CAC98E8020}.Debug|Any CPU.Build.0 = Debug|Any CPU
		{A0E7196D-B67F-480D-9565-10CAC98E8020}.Debug|x64.ActiveCfg = Debug|Any CPU
		{A0E7196D-B67F-480D-9565-10CAC98E8020}.Debug|x64.Build.0 = Debug|Any CPU
		{A0E7196D-B67F-480D-9565-10CAC98E8020}.Debug|x86.ActiveCfg = Debug|Any CPU
		{A0E7196D-B67F-480D-9565-10CAC98E8020}.Debug|x86.Build.0 = Debug|Any CPU
		{A0E7196D-B67F-480D-9565-10CAC98E8020}.Release|Any CPU.ActiveCfg = Release|Any CPU
		{A0E7196D-B67F-480D-9565-10CAC98E8020}.Release|Any CPU.Build.0 = Release|Any CPU
		{A0E7196D-B67F-480D-9565-10CAC98E8020}.Release|x64.ActiveCfg = Release|Any CPU
		{A0E7196D-B67F-480D-9565-10CAC98E8020}.Release|x64.Build.0 = Release|Any CPU
		{A0E7196D-B67F-480D-9565-10CAC98E8020}.Release|x86.ActiveCfg = Release|Any CPU
		{A0E7196D-B67F-480D-9565-10CAC98E8020}.Release|x86.Build.0 = Release|Any CPU
		{66374723-F901-4D9D-8233-6B222B89E8D7}.Debug|Any CPU.ActiveCfg = Debug|Any CPU
		{66374723-F901-4D9D-8233-6B222B89E8D7}.Debug|Any CPU.Build.0 = Debug|Any CPU
		{66374723-F901-4D9D-8233-6B222B89E8D7}.Debug|x64.ActiveCfg = Debug|Any CPU
		{66374723-F901-4D9D-8233-6B222B89E8D7}.Debug|x64.Build.0 = Debug|Any CPU
		{66374723-F901-4D9D-8233-6B222B89E8D7}.Debug|x86.ActiveCfg = Debug|Any CPU
		{66374723-F901-4D9D-8233-6B222B89E8D7}.Debug|x86.Build.0 = Debug|Any CPU
		{66374723-F901-4D9D-8233-6B222B89E8D7}.Release|Any CPU.ActiveCfg = Release|Any CPU
		{66374723-F901-4D9D-8233-6B222B89E8D7}.Release|Any CPU.Build.0 = Release|Any CPU
		{66374723-F901-4D9D-8233-6B222B89E8D7}.Release|x64.ActiveCfg = Release|Any CPU
		{66374723-F901-4D9D-8233-6B222B89E8D7}.Release|x64.Build.0 = Release|Any CPU
		{66374723-F901-4D9D-8233-6B222B89E8D7}.Release|x86.ActiveCfg = Release|Any CPU
		{66374723-F901-4D9D-8233-6B222B89E8D7}.Release|x86.Build.0 = Release|Any CPU
	EndGlobalSection
	GlobalSection(SolutionProperties) = preSolution
		HideSolutionNode = FALSE
	EndGlobalSection
EndGlobal
